
Microsoft Visual Studio Solution File, Format Version 12.00
# Visual Studio Version 17
VisualStudioVersion = 17.3.32922.545
MinimumVisualStudioVersion = 10.0.40219.1
Project("{FAE04EC0-301F-11D3-BF4B-00C04F79EFBC}") = "test", "test\test.csproj", "{949EB1ED-3D25-475B-925C-D6C56796B9A5}"
EndProject
Global
	GlobalSection(SolutionConfigurationPlatforms) = preSolution
		Debug|Any CPU = Debug|Any CPU
		Release|Any CPU = Release|Any CPU
	EndGlobalSection
	GlobalSection(ProjectConfigurationPlatforms) = postSolution
		{949EB1ED-3D25-475B-925C-D6C56796B9A5}.Debug|Any CPU.ActiveCfg = Debug|Any CPU
		{949EB1ED-3D25-475B-925C-D6C56796B9A5}.Debug|Any CPU.Build.0 = Debug|Any CPU
		{949EB1ED-3D25-475B-925C-D6C56796B9A5}.Release|Any CPU.ActiveCfg = Release|Any CPU
		{949EB1ED-3D25-475B-925C-D6C56796B9A5}.Release|Any CPU.Build.0 = Release|Any CPU
	EndGlobalSection
	GlobalSection(SolutionProperties) = preSolution
		HideSolutionNode = FALSE
	EndGlobalSection
	GlobalSection(ExtensibilityGlobals) = postSolution
		SolutionGuid = {2ACD01D9-10D7-4632-BC68-5AACA8BC716B}
	EndGlobalSection
EndGlobal
